{
  "name": "fileconduct",
  "version": "1.0.0",
  "lockfileVersion": 1,
  "requires": true,
  "dependencies": {
    "another-json-schema": {
      "version": "3.6.0",
      "resolved": "http://registry.npm.taobao.org/another-json-schema/download/another-json-schema-3.6.0.tgz",
      "requires": {
        "mongodb": "3.1.0-beta4",
        "validator": "10.2.0"
      }
    },
    "bson": {
      "version": "1.0.6",
      "resolved": "http://registry.npm.taobao.org/bson/download/bson-1.0.6.tgz"
    },
    "debug": {
      "version": "3.1.0",
      "resolved": "http://registry.npm.taobao.org/debug/download/debug-3.1.0.tgz",
      "requires": {
        "ms": "2.0.0"
      },
      "dependencies": {
        "ms": {
          "version": "http://registry.npm.taobao.org/ms/download/ms-2.0.0.tgz"
        }
      }
    },
    "inflected": {
      "version": "2.0.4",
      "resolved": "http://registry.npm.taobao.org/inflected/download/inflected-2.0.4.tgz"
    },
    "lodash": {
      "version": "4.17.10",
      "resolved": "http://registry.npm.taobao.org/lodash/download/lodash-4.17.10.tgz"
    },
    "mongodb": {
      "version": "3.1.0-beta4",
      "resolved": "http://registry.npm.taobao.org/mongodb/download/mongodb-3.1.0-beta4.tgz",
      "requires": {
        "mongodb-core": "3.1.0-beta4"
      },
      "dependencies": {
        "mongodb-core": {
          "version": "http://registry.npm.taobao.org/mongodb-core/download/mongodb-core-3.1.0-beta4.tgz",
          "bundled": true
        }
      }
    },
    "mongodb-core": {
      "version": "3.1.0-beta4",
      "resolved": "http://registry.npm.taobao.org/mongodb-core/download/mongodb-core-3.1.0-beta4.tgz",
      "requires": {
        "bson": "1.0.6",
        "require_optional": "1.0.1",
        "saslprep": "1.0.0"
      },
      "dependencies": {
        "bson": {
          "version": "http://registry.npm.taobao.org/bson/download/bson-1.0.6.tgz"
        },
        "require_optional": {
          "version": "http://registry.npm.taobao.org/require_optional/download/require_optional-1.0.1.tgz"
        },
        "saslprep": {
          "version": "http://registry.npm.taobao.org/saslprep/download/saslprep-1.0.0.tgz"
        }
      }
    },
    "mongolass": {
      "version": "4.3.0",
      "resolved": "https://registry.npmjs.org/mongolass/-/mongolass-4.3.0.tgz",
      "integrity": "sha512-pwo/4g3ZbWvUsp5A9uuuQSqxq1NMPyqgvYgX9MascO9z+0TJVZFohu3FoQmCpkDT1fW/fvVfyYFcQ+CThusKPg==",
      "requires": {
        "another-json-schema": "3.6.0",
        "debug": "3.1.0",
        "inflected": "2.0.4",
        "lodash": "4.17.10",
        "mongodb": "3.1.0-beta4",
        "mongolass-plugin-populate": "0.2.1",
        "muri": "1.3.0",
        "validator": "10.2.0"
      }
    },
    "mongolass-plugin-populate": {
      "version": "0.2.1",
      "resolved": "http://registry.npm.taobao.org/mongolass-plugin-populate/download/mongolass-plugin-populate-0.2.1.tgz",
      "requires": {
        "lodash": "4.15.0"
      },
      "dependencies": {
        "lodash": {
          "version": "4.15.0",
          "bundled": true
        }
      }
    },
    "ms": {
      "version": "2.0.0",
      "resolved": "http://registry.npm.taobao.org/ms/download/ms-2.0.0.tgz"
    },
    "muri": {
      "version": "1.3.0",
      "resolved": "http://registry.npm.taobao.org/muri/download/muri-1.3.0.tgz"
    },
    "require_optional": {
      "version": "1.0.1",
      "resolved": "http://registry.npm.taobao.org/require_optional/download/require_optional-1.0.1.tgz",
      "requires": {
        "resolve-from": "2.0.0",
        "semver": "5.5.0"
      },
      "dependencies": {
        "resolve-from": {
          "version": "http://registry.npm.taobao.org/resolve-from/download/resolve-from-2.0.0.tgz"
        },
        "semver": {
          "version": "http://registry.npm.taobao.org/semver/download/semver-5.5.0.tgz"
        }
      }
    },
    "resolve-from": {
      "version": "2.0.0",
      "resolved": "http://registry.npm.taobao.org/resolve-from/download/resolve-from-2.0.0.tgz"
    },
    "saslprep": {
      "version": "1.0.0",
      "resolved": "http://registry.npm.taobao.org/saslprep/download/saslprep-1.0.0.tgz",
      "optional": true
    },
    "semver": {
      "version": "5.5.0",
      "resolved": "http://registry.npm.taobao.org/semver/download/semver-5.5.0.tgz"
    },
    "validator": {
      "version": "10.2.0",
      "resolved": "http://registry.npm.taobao.org/validator/download/validator-10.2.0.tgz"
    }
  }
}
